
Microsoft Visual Studio Solution File, Format Version 12.00
# Visual Studio Version 17
VisualStudioVersion = 17.3.32929.385
MinimumVisualStudioVersion = 10.0.40219.1
Project("{9A19103F-16F7-4668-BE54-9A1E7A4F7556}") = "Intermediário", "Intermediário.csproj", "{5113C810-F3CC-41BA-B5DA-16D6FF0932DA}"
EndProject
Project("{9A19103F-16F7-4668-BE54-9A1E7A4F7556}") = "Desafio 1", "1 - Elemento Majoritário em um Array\Desafio 1\Desafio 1.csproj", "{B9BEDBEB-A673-424C-BAD1-28F8A944F336}"
EndProject
Project("{FAE04EC0-301F-11D3-BF4B-00C04F79EFBC}") = "Desafio 2", "2 - Aumento de Salário\Desafio 2\Desafio 2.csproj", "{40C4E9A6-78A5-4F24-B01D-4DD8C6A919D0}"
EndProject
Global
	GlobalSection(SolutionConfigurationPlatforms) = preSolution
		Debug|Any CPU = Debug|Any CPU
		Release|Any CPU = Release|Any CPU
	EndGlobalSection
	GlobalSection(ProjectConfigurationPlatforms) = postSolution
		{5113C810-F3CC-41BA-B5DA-16D6FF0932DA}.Debug|Any CPU.ActiveCfg = Debug|Any CPU
		{5113C810-F3CC-41BA-B5DA-16D6FF0932DA}.Debug|Any CPU.Build.0 = Debug|Any CPU
		{5113C810-F3CC-41BA-B5DA-16D6FF0932DA}.Release|Any CPU.ActiveCfg = Release|Any CPU
		{5113C810-F3CC-41BA-B5DA-16D6FF0932DA}.Release|Any CPU.Build.0 = Release|Any CPU
		{B9BEDBEB-A673-424C-BAD1-28F8A944F336}.Debug|Any CPU.ActiveCfg = Debug|Any CPU
		{B9BEDBEB-A673-424C-BAD1-28F8A944F336}.Debug|Any CPU.Build.0 = Debug|Any CPU
		{B9BEDBEB-A673-424C-BAD1-28F8A944F336}.Release|Any CPU.ActiveCfg = Release|Any CPU
		{B9BEDBEB-A673-424C-BAD1-28F8A944F336}.Release|Any CPU.Build.0 = Release|Any CPU
		{40C4E9A6-78A5-4F24-B01D-4DD8C6A919D0}.Debug|Any CPU.ActiveCfg = Debug|Any CPU
		{40C4E9A6-78A5-4F24-B01D-4DD8C6A919D0}.Debug|Any CPU.Build.0 = Debug|Any CPU
		{40C4E9A6-78A5-4F24-B01D-4DD8C6A919D0}.Release|Any CPU.ActiveCfg = Release|Any CPU
		{40C4E9A6-78A5-4F24-B01D-4DD8C6A919D0}.Release|Any CPU.Build.0 = Release|Any CPU
	EndGlobalSection
	GlobalSection(SolutionProperties) = preSolution
		HideSolutionNode = FALSE
	EndGlobalSection
	GlobalSection(ExtensibilityGlobals) = postSolution
		SolutionGuid = {6E9E9202-0A88-42E9-AB3E-E28443C87F31}
	EndGlobalSection
EndGlobal
